// !$*UTF8*$!
{
	archiveVersion = 1;
	classes = {
	};
	objectVersion = 50;
	objects = {

/* Begin PBXBuildFile section */
		9529997D25B2DC42004B5ADA /* ApiAppCombineApp.swift in Sources */ = {isa = PBXBuildFile; fileRef = 9529997C25B2DC42004B5ADA /* ApiAppCombineApp.swift */; };
		9529997F25B2DC42004B5ADA /* ContentView.swift in Sources */ = {isa = PBXBuildFile; fileRef = 9529997E25B2DC42004B5ADA /* ContentView.swift */; };
		9529998125B2DC4A004B5ADA /* Assets.xcassets in Resources */ = {isa = PBXBuildFile; fileRef = 9529998025B2DC4A004B5ADA /* Assets.xcassets */; };
		9529998425B2DC4A004B5ADA /* Preview Assets.xcassets in Resources */ = {isa = PBXBuildFile; fileRef = 9529998325B2DC4A004B5ADA /* Preview Assets.xcassets */; };
		9533BFB625B5815700F271F8 /* Hero.swift in Sources */ = {isa = PBXBuildFile; fileRef = 9533BFB525B5815700F271F8 /* Hero.swift */; };
		9533BFB925B5822D00F271F8 /* HeroesViewModel.swift in Sources */ = {isa = PBXBuildFile; fileRef = 9533BFB825B5822D00F271F8 /* HeroesViewModel.swift */; };
		9533BFC125B5879100F271F8 /* HeroesService.swift in Sources */ = {isa = PBXBuildFile; fileRef = 9533BFC025B5879100F271F8 /* HeroesService.swift */; };
		9533BFC425B5945500F271F8 /* HeroView.swift in Sources */ = {isa = PBXBuildFile; fileRef = 9533BFC325B5945500F271F8 /* HeroView.swift */; };
		95723C4D25B6C8CA009B1483 /* BBModel.swift in Sources */ = {isa = PBXBuildFile; fileRef = 95723C4C25B6C8CA009B1483 /* BBModel.swift */; };
		95723C5225B6D08B009B1483 /* CharactersViewModel.swift in Sources */ = {isa = PBXBuildFile; fileRef = 95723C5125B6D08B009B1483 /* CharactersViewModel.swift */; };
		95723C5625B6D274009B1483 /* Networkservice.swift in Sources */ = {isa = PBXBuildFile; fileRef = 95723C5525B6D274009B1483 /* Networkservice.swift */; };
		95DE29A925B7F0E80082D2A7 /* BBView.swift in Sources */ = {isa = PBXBuildFile; fileRef = 95DE29A825B7F0E80082D2A7 /* BBView.swift */; };
/* End PBXBuildFile section */

/* Begin PBXFileReference section */
		9529997925B2DC42004B5ADA /* ApiAppCombine.app */ = {isa = PBXFileReference; explicitFileType = wrapper.application; includeInIndex = 0; path = ApiAppCombine.app; sourceTree = BUILT_PRODUCTS_DIR; };
		9529997C25B2DC42004B5ADA /* ApiAppCombineApp.swift */ = {isa = PBXFileReference; lastKnownFileType = sourcecode.swift; path = ApiAppCombineApp.swift; sourceTree = "<group>"; };
		9529997E25B2DC42004B5ADA /* ContentView.swift */ = {isa = PBXFileReference; lastKnownFileType = sourcecode.swift; path = ContentView.swift; sourceTree = "<group>"; };
		9529998025B2DC4A004B5ADA /* Assets.xcassets */ = {isa = PBXFileReference; lastKnownFileType = folder.assetcatalog; path = Assets.xcassets; sourceTree = "<group>"; };
		9529998325B2DC4A004B5ADA /* Preview Assets.xcassets */ = {isa = PBXFileReference; lastKnownFileType = folder.assetcatalog; path = "Preview Assets.xcassets"; sourceTree = "<group>"; };
		9529998525B2DC4A004B5ADA /* Info.plist */ = {isa = PBXFileReference; lastKnownFileType = text.plist.xml; path = Info.plist; sourceTree = "<group>"; };
		9533BFB525B5815700F271F8 /* Hero.swift */ = {isa = PBXFileReference; lastKnownFileType = sourcecode.swift; path = Hero.swift; sourceTree = "<group>"; };
		9533BFB825B5822D00F271F8 /* HeroesViewModel.swift */ = {isa = PBXFileReference; lastKnownFileType = sourcecode.swift; path = HeroesViewModel.swift; sourceTree = "<group>"; };
		9533BFC025B5879100F271F8 /* HeroesService.swift */ = {isa = PBXFileReference; lastKnownFileType = sourcecode.swift; path = HeroesService.swift; sourceTree = "<group>"; };
		9533BFC325B5945500F271F8 /* HeroView.swift */ = {isa = PBXFileReference; lastKnownFileType = sourcecode.swift; path = HeroView.swift; sourceTree = "<group>"; };
		95723C4C25B6C8CA009B1483 /* BBModel.swift */ = {isa = PBXFileReference; lastKnownFileType = sourcecode.swift; path = BBModel.swift; sourceTree = "<group>"; };
		95723C5125B6D08B009B1483 /* CharactersViewModel.swift */ = {isa = PBXFileReference; lastKnownFileType = sourcecode.swift; path = CharactersViewModel.swift; sourceTree = "<group>"; };
		95723C5525B6D274009B1483 /* Networkservice.swift */ = {isa = PBXFileReference; lastKnownFileType = sourcecode.swift; path = Networkservice.swift; sourceTree = "<group>"; };
		95DE29A825B7F0E80082D2A7 /* BBView.swift */ = {isa = PBXFileReference; lastKnownFileType = sourcecode.swift; path = BBView.swift; sourceTree = "<group>"; };
/* End PBXFileReference section */

/* Begin PBXFrameworksBuildPhase section */
		9529997625B2DC42004B5ADA /* Frameworks */ = {
			isa = PBXFrameworksBuildPhase;
			buildActionMask = 2147483647;
			files = (
			);
			runOnlyForDeploymentPostprocessing = 0;
		};
/* End PBXFrameworksBuildPhase section */

/* Begin PBXGroup section */
		9529997025B2DC42004B5ADA = {
			isa = PBXGroup;
			children = (
				9529997B25B2DC42004B5ADA /* ApiAppCombine */,
				9529997A25B2DC42004B5ADA /* Products */,
			);
			sourceTree = "<group>";
		};
		9529997A25B2DC42004B5ADA /* Products */ = {
			isa = PBXGroup;
			children = (
				9529997925B2DC42004B5ADA /* ApiAppCombine.app */,
			);
			name = Products;
			sourceTree = "<group>";
		};
		9529997B25B2DC42004B5ADA /* ApiAppCombine */ = {
			isa = PBXGroup;
			children = (
				9529997C25B2DC42004B5ADA /* ApiAppCombineApp.swift */,
				95723C4B25B6C13E009B1483 /* Views */,
				95723C4F25B6CA71009B1483 /* Model */,
				95723C4625B68E0F009B1483 /* ViewModel */,
				95723C5425B6D19D009B1483 /* Repository */,
				9529998025B2DC4A004B5ADA /* Assets.xcassets */,
				9529998525B2DC4A004B5ADA /* Info.plist */,
				9529998225B2DC4A004B5ADA /* Preview Content */,
			);
			path = ApiAppCombine;
			sourceTree = "<group>";
		};
		9529998225B2DC4A004B5ADA /* Preview Content */ = {
			isa = PBXGroup;
			children = (
				9529998325B2DC4A004B5ADA /* Preview Assets.xcassets */,
			);
			path = "Preview Content";
			sourceTree = "<group>";
		};
		95723C4625B68E0F009B1483 /* ViewModel */ = {
			isa = PBXGroup;
			children = (
				9533BFB825B5822D00F271F8 /* HeroesViewModel.swift */,
				95723C5125B6D08B009B1483 /* CharactersViewModel.swift */,
			);
			name = ViewModel;
			sourceTree = "<group>";
		};
		95723C4B25B6C13E009B1483 /* Views */ = {
			isa = PBXGroup;
			children = (
				9529997E25B2DC42004B5ADA /* ContentView.swift */,
				9533BFC325B5945500F271F8 /* HeroView.swift */,
				95DE29A825B7F0E80082D2A7 /* BBView.swift */,
			);
			name = Views;
			sourceTree = "<group>";
		};
		95723C4F25B6CA71009B1483 /* Model */ = {
			isa = PBXGroup;
			children = (
				9533BFB525B5815700F271F8 /* Hero.swift */,
				95723C4C25B6C8CA009B1483 /* BBModel.swift */,
			);
			path = Model;
			sourceTree = "<group>";
		};
		95723C5425B6D19D009B1483 /* Repository */ = {
			isa = PBXGroup;
			children = (
				9533BFC025B5879100F271F8 /* HeroesService.swift */,
				95723C5525B6D274009B1483 /* Networkservice.swift */,
			);
			path = Repository;
			sourceTree = "<group>";
		};
/* End PBXGroup section */

/* Begin PBXNativeTarget section */
		9529997825B2DC42004B5ADA /* ApiAppCombine */ = {
			isa = PBXNativeTarget;
			buildConfigurationList = 9529998825B2DC4A004B5ADA /* Build configuration list for PBXNativeTarget "ApiAppCombine" */;
			buildPhases = (
				9529997525B2DC42004B5ADA /* Sources */,
				9529997625B2DC42004B5ADA /* Frameworks */,
				9529997725B2DC42004B5ADA /* Resources */,
			);
			buildRules = (
			);
			dependencies = (
			);
			name = ApiAppCombine;
			productName = ApiAppCombine;
			productReference = 9529997925B2DC42004B5ADA /* ApiAppCombine.app */;
			productType = "com.apple.product-type.application";
		};
/* End PBXNativeTarget section */

/* Begin PBXProject section */
		9529997125B2DC42004B5ADA /* Project object */ = {
			isa = PBXProject;
			attributes = {
				LastSwiftUpdateCheck = 1200;
				LastUpgradeCheck = 1200;
				TargetAttributes = {
					9529997825B2DC42004B5ADA = {
						CreatedOnToolsVersion = 12.0.1;
					};
				};
			};
			buildConfigurationList = 9529997425B2DC42004B5ADA /* Build configuration list for PBXProject "ApiAppCombine" */;
			compatibilityVersion = "Xcode 9.3";
			developmentRegion = en;
			hasScannedForEncodings = 0;
			knownRegions = (
				en,
				Base,
			);
			mainGroup = 9529997025B2DC42004B5ADA;
			productRefGroup = 9529997A25B2DC42004B5ADA /* Products */;
			projectDirPath = "";
			projectRoot = "";
			targets = (
				9529997825B2DC42004B5ADA /* ApiAppCombine */,
			);
		};
/* End PBXProject section */

/* Begin PBXResourcesBuildPhase section */
		9529997725B2DC42004B5ADA /* Resources */ = {
			isa = PBXResourcesBuildPhase;
			buildActionMask = 2147483647;
			files = (
				9529998425B2DC4A004B5ADA /* Preview Assets.xcassets in Resources */,
				9529998125B2DC4A004B5ADA /* Assets.xcassets in Resources */,
			);
			runOnlyForDeploymentPostprocessing = 0;
		};
/* End PBXResourcesBuildPhase section */

/* Begin PBXSourcesBuildPhase section */
		9529997525B2DC42004B5ADA /* Sources */ = {
			isa = PBXSourcesBuildPhase;
			buildActionMask = 2147483647;
			files = (
				9533BFB925B5822D00F271F8 /* HeroesViewModel.swift in Sources */,
				9533BFC425B5945500F271F8 /* HeroView.swift in Sources */,
				9529997F25B2DC42004B5ADA /* ContentView.swift in Sources */,
				95723C5225B6D08B009B1483 /* CharactersViewModel.swift in Sources */,
				9533BFC125B5879100F271F8 /* HeroesService.swift in Sources */,
				95723C4D25B6C8CA009B1483 /* BBModel.swift in Sources */,
				95DE29A925B7F0E80082D2A7 /* BBView.swift in Sources */,
				9533BFB625B5815700F271F8 /* Hero.swift in Sources */,
				95723C5625B6D274009B1483 /* Networkservice.swift in Sources */,
				9529997D25B2DC42004B5ADA /* ApiAppCombineApp.swift in Sources */,
			);
			runOnlyForDeploymentPostprocessing = 0;
		};
/* End PBXSourcesBuildPhase section */

/* Begin XCBuildConfiguration section */
		9529998625B2DC4A004B5ADA /* Debug */ = {
			isa = XCBuildConfiguration;
			buildSettings = {
				ALWAYS_SEARCH_USER_PATHS = NO;
				CLANG_ANALYZER_NONNULL = YES;
				CLANG_ANALYZER_NUMBER_OBJECT_CONVERSION = YES_AGGRESSIVE;
				CLANG_CXX_LANGUAGE_STANDARD = "gnu++14";
				CLANG_CXX_LIBRARY = "libc++";
				CLANG_ENABLE_MODULES = YES;
				CLANG_ENABLE_OBJC_ARC = YES;
				CLANG_ENABLE_OBJC_WEAK = YES;
				CLANG_WARN_BLOCK_CAPTURE_AUTORELEASING = YES;
				CLANG_WARN_BOOL_CONVERSION = YES;
				CLANG_WARN_COMMA = YES;
				CLANG_WARN_CONSTANT_CONVERSION = YES;
				CLANG_WARN_DEPRECATED_OBJC_IMPLEMENTATIONS = YES;
				CLANG_WARN_DIRECT_OBJC_ISA_USAGE = YES_ERROR;
				CLANG_WARN_DOCUMENTATION_COMMENTS = YES;
				CLANG_WARN_EMPTY_BODY = YES;
				CLANG_WARN_ENUM_CONVERSION = YES;
				CLANG_WARN_INFINITE_RECURSION = YES;
				CLANG_WARN_INT_CONVERSION = YES;
				CLANG_WARN_NON_LITERAL_NULL_CONVERSION = YES;
				CLANG_WARN_OBJC_IMPLICIT_RETAIN_SELF = YES;
				CLANG_WARN_OBJC_LITERAL_CONVERSION = YES;
				CLANG_WARN_OBJC_ROOT_CLASS = YES_ERROR;
				CLANG_WARN_QUOTED_INCLUDE_IN_FRAMEWORK_HEADER = YES;
				CLANG_WARN_RANGE_LOOP_ANALYSIS = YES;
				CLANG_WARN_STRICT_PROTOTYPES = YES;
				CLANG_WARN_SUSPICIOUS_MOVE = YES;
				CLANG_WARN_UNGUARDED_AVAILABILITY = YES_AGGRESSIVE;
				CLANG_WARN_UNREACHABLE_CODE = YES;
				CLANG_WARN__DUPLICATE_METHOD_MATCH = YES;
				COPY_PHASE_STRIP = NO;
				DEBUG_INFORMATION_FORMAT = dwarf;
				ENABLE_STRICT_OBJC_MSGSEND = YES;
				ENABLE_TESTABILITY = YES;
				GCC_C_LANGUAGE_STANDARD = gnu11;
				GCC_DYNAMIC_NO_PIC = NO;
				GCC_NO_COMMON_BLOCKS = YES;
				GCC_OPTIMIZATION_LEVEL = 0;
				GCC_PREPROCESSOR_DEFINITIONS = (
					"DEBUG=1",
					"$(inherited)",
				);
				GCC_WARN_64_TO_32_BIT_CONVERSION = YES;
				GCC_WARN_ABOUT_RETURN_TYPE = YES_ERROR;
				GCC_WARN_UNDECLARED_SELECTOR = YES;
				GCC_WARN_UNINITIALIZED_AUTOS = YES_AGGRESSIVE;
				GCC_WARN_UNUSED_FUNCTION = YES;
				GCC_WARN_UNUSED_VARIABLE = YES;
				IPHONEOS_DEPLOYMENT_TARGET = 14.0;
				MTL_ENABLE_DEBUG_INFO = INCLUDE_SOURCE;
				MTL_FAST_MATH = YES;
				ONLY_ACTIVE_ARCH = YES;
				SDKROOT = iphoneos;
				SWIFT_ACTIVE_COMPILATION_CONDITIONS = DEBUG;
				SWIFT_OPTIMIZATION_LEVEL = "-Onone";
			};
			name = Debug;
		};
		9529998725B2DC4A004B5ADA /* Release */ = {
			isa = XCBuildConfiguration;
			buildSettings = {
				ALWAYS_SEARCH_USER_PATHS = NO;
				CLANG_ANALYZER_NONNULL = YES;
				CLANG_ANALYZER_NUMBER_OBJECT_CONVERSION = YES_AGGRESSIVE;
				CLANG_CXX_LANGUAGE_STANDARD = "gnu++14";
				CLANG_CXX_LIBRARY = "libc++";
				CLANG_ENABLE_MODULES = YES;
				CLANG_ENABLE_OBJC_ARC = YES;
				CLANG_ENABLE_OBJC_WEAK = YES;
				CLANG_WARN_BLOCK_CAPTURE_AUTORELEASING = YES;
				CLANG_WARN_BOOL_CONVERSION = YES;
				CLANG_WARN_COMMA = YES;
				CLANG_WARN_CONSTANT_CONVERSION = YES;
				CLANG_WARN_DEPRECATED_OBJC_IMPLEMENTATIONS = YES;
				CLANG_WARN_DIRECT_OBJC_ISA_USAGE = YES_ERROR;
				CLANG_WARN_DOCUMENTATION_COMMENTS = YES;
				CLANG_WARN_EMPTY_BODY = YES;
				CLANG_WARN_ENUM_CONVERSION = YES;
				CLANG_WARN_INFINITE_RECURSION = YES;
				CLANG_WARN_INT_CONVERSION = YES;
				CLANG_WARN_NON_LITERAL_NULL_CONVERSION = YES;
				CLANG_WARN_OBJC_IMPLICIT_RETAIN_SELF = YES;
				CLANG_WARN_OBJC_LITERAL_CONVERSION = YES;
				CLANG_WARN_OBJC_ROOT_CLASS = YES_ERROR;
				CLANG_WARN_QUOTED_INCLUDE_IN_FRAMEWORK_HEADER = YES;
				CLANG_WARN_RANGE_LOOP_ANALYSIS = YES;
				CLANG_WARN_STRICT_PROTOTYPES = YES;
				CLANG_WARN_SUSPICIOUS_MOVE = YES;
				CLANG_WARN_UNGUARDED_AVAILABILITY = YES_AGGRESSIVE;
				CLANG_WARN_UNREACHABLE_CODE = YES;
				CLANG_WARN__DUPLICATE_METHOD_MATCH = YES;
				COPY_PHASE_STRIP = NO;
				DEBUG_INFORMATION_FORMAT = "dwarf-with-dsym";
				ENABLE_NS_ASSERTIONS = NO;
				ENABLE_STRICT_OBJC_MSGSEND = YES;
				GCC_C_LANGUAGE_STANDARD = gnu11;
				GCC_NO_COMMON_BLOCKS = YES;
				GCC_WARN_64_TO_32_BIT_CONVERSION = YES;
				GCC_WARN_ABOUT_RETURN_TYPE = YES_ERROR;
				GCC_WARN_UNDECLARED_SELECTOR = YES;
				GCC_WARN_UNINITIALIZED_AUTOS = YES_AGGRESSIVE;
				GCC_WARN_UNUSED_FUNCTION = YES;
				GCC_WARN_UNUSED_VARIABLE = YES;
				IPHONEOS_DEPLOYMENT_TARGET = 14.0;
				MTL_ENABLE_DEBUG_INFO = NO;
				MTL_FAST_MATH = YES;
				SDKROOT = iphoneos;
				SWIFT_COMPILATION_MODE = wholemodule;
				SWIFT_OPTIMIZATION_LEVEL = "-O";
				VALIDATE_PRODUCT = YES;
			};
			name = Release;
		};
		9529998925B2DC4A004B5ADA /* Debug */ = {
			isa = XCBuildConfiguration;
			buildSettings = {
				ASSETCATALOG_COMPILER_APPICON_NAME = AppIcon;
				ASSETCATALOG_COMPILER_GLOBAL_ACCENT_COLOR_NAME = AccentColor;
				CODE_SIGN_STYLE = Automatic;
				DEVELOPMENT_ASSET_PATHS = "\"ApiAppCombine/Preview Content\"";
				DEVELOPMENT_TEAM = KS93C8UM2T;
				ENABLE_PREVIEWS = YES;
				INFOPLIST_FILE = ApiAppCombine/Info.plist;
				IPHONEOS_DEPLOYMENT_TARGET = 14.0;
				LD_RUNPATH_SEARCH_PATHS = (
					"$(inherited)",
					"@executable_path/Frameworks",
				);
				PRODUCT_BUNDLE_IDENTIFIER = "Katios-with-Swift.ApiAppCombine";
				PRODUCT_NAME = "$(TARGET_NAME)";
				SWIFT_VERSION = 5.0;
				TARGETED_DEVICE_FAMILY = "1,2";
			};
			name = Debug;
		};
		9529998A25B2DC4A004B5ADA /* Release */ = {
			isa = XCBuildConfiguration;
			buildSettings = {
				ASSETCATALOG_COMPILER_APPICON_NAME = AppIcon;
				ASSETCATALOG_COMPILER_GLOBAL_ACCENT_COLOR_NAME = AccentColor;
				CODE_SIGN_STYLE = Automatic;
				DEVELOPMENT_ASSET_PATHS = "\"ApiAppCombine/Preview Content\"";
				DEVELOPMENT_TEAM = KS93C8UM2T;
				ENABLE_PREVIEWS = YES;
				INFOPLIST_FILE = ApiAppCombine/Info.plist;
				IPHONEOS_DEPLOYMENT_TARGET = 14.0;
				LD_RUNPATH_SEARCH_PATHS = (
					"$(inherited)",
					"@executable_path/Frameworks",
				);
				PRODUCT_BUNDLE_IDENTIFIER = "Katios-with-Swift.ApiAppCombine";
				PRODUCT_NAME = "$(TARGET_NAME)";
				SWIFT_VERSION = 5.0;
				TARGETED_DEVICE_FAMILY = "1,2";
			};
			name = Release;
		};
/* End XCBuildConfiguration section */

/* Begin XCConfigurationList section */
		9529997425B2DC42004B5ADA /* Build configuration list for PBXProject "ApiAppCombine" */ = {
			isa = XCConfigurationList;
			buildConfigurations = (
				9529998625B2DC4A004B5ADA /* Debug */,
				9529998725B2DC4A004B5ADA /* Release */,
			);
			defaultConfigurationIsVisible = 0;
			defaultConfigurationName = Release;
		};
		9529998825B2DC4A004B5ADA /* Build configuration list for PBXNativeTarget "ApiAppCombine" */ = {
			isa = XCConfigurationList;
			buildConfigurations = (
				9529998925B2DC4A004B5ADA /* Debug */,
				9529998A25B2DC4A004B5ADA /* Release */,
			);
			defaultConfigurationIsVisible = 0;
			defaultConfigurationName = Release;
		};
/* End XCConfigurationList section */
	};
	rootObject = 9529997125B2DC42004B5ADA /* Project object */;
}
